
Microsoft Visual Studio Solution File, Format Version 12.00
Project("{FAE04EC0-301F-11D3-BF4B-00C04F79EFBC}") = "DataTable", "DataTable\DataTable.csproj", "{B06754DA-4E71-4A0F-A197-0DA4B454E2EE}"
EndProject
Project("{FAE04EC0-301F-11D3-BF4B-00C04F79EFBC}") = "DataTable.Generator", "DataTable.Generator\DataTable.Generator.csproj", "{7486026C-CF86-4BDC-80BA-3A1678F5A735}"
EndProject
Project("{FAE04EC0-301F-11D3-BF4B-00C04F79EFBC}") = "DataTable.Tests", "DataTable.Tests\DataTable.Tests.csproj", "{564EFBC0-363A-488F-BD15-42D9C46ACAE2}"
EndProject
Project("{FAE04EC0-301F-11D3-BF4B-00C04F79EFBC}") = "DataTable.Tests.Generator", "DataTable.Tests.Generator\DataTable.Tests.Generator.csproj", "{62B7002A-190B-4A88-AA8F-352D2FE30478}"
EndProject
Global
	GlobalSection(SolutionConfigurationPlatforms) = preSolution
		Debug|Any CPU = Debug|Any CPU
		Release|Any CPU = Release|Any CPU
	EndGlobalSection
	GlobalSection(ProjectConfigurationPlatforms) = postSolution
		{B06754DA-4E71-4A0F-A197-0DA4B454E2EE}.Debug|Any CPU.ActiveCfg = Debug|Any CPU
		{B06754DA-4E71-4A0F-A197-0DA4B454E2EE}.Debug|Any CPU.Build.0 = Debug|Any CPU
		{B06754DA-4E71-4A0F-A197-0DA4B454E2EE}.Release|Any CPU.ActiveCfg = Release|Any CPU
		{B06754DA-4E71-4A0F-A197-0DA4B454E2EE}.Release|Any CPU.Build.0 = Release|Any CPU
		{7486026C-CF86-4BDC-80BA-3A1678F5A735}.Debug|Any CPU.ActiveCfg = Debug|Any CPU
		{7486026C-CF86-4BDC-80BA-3A1678F5A735}.Debug|Any CPU.Build.0 = Debug|Any CPU
		{7486026C-CF86-4BDC-80BA-3A1678F5A735}.Release|Any CPU.ActiveCfg = Release|Any CPU
		{7486026C-CF86-4BDC-80BA-3A1678F5A735}.Release|Any CPU.Build.0 = Release|Any CPU
		{564EFBC0-363A-488F-BD15-42D9C46ACAE2}.Debug|Any CPU.ActiveCfg = Debug|Any CPU
		{564EFBC0-363A-488F-BD15-42D9C46ACAE2}.Debug|Any CPU.Build.0 = Debug|Any CPU
		{564EFBC0-363A-488F-BD15-42D9C46ACAE2}.Release|Any CPU.ActiveCfg = Release|Any CPU
		{564EFBC0-363A-488F-BD15-42D9C46ACAE2}.Release|Any CPU.Build.0 = Release|Any CPU
		{62B7002A-190B-4A88-AA8F-352D2FE30478}.Debug|Any CPU.ActiveCfg = Debug|Any CPU
		{62B7002A-190B-4A88-AA8F-352D2FE30478}.Debug|Any CPU.Build.0 = Debug|Any CPU
		{62B7002A-190B-4A88-AA8F-352D2FE30478}.Release|Any CPU.ActiveCfg = Release|Any CPU
		{62B7002A-190B-4A88-AA8F-352D2FE30478}.Release|Any CPU.Build.0 = Release|Any CPU
	EndGlobalSection
EndGlobal
